
Microsoft Visual Studio Solution File, Format Version 12.00
# Visual Studio Version 16
VisualStudioVersion = 16.0.29102.190
MinimumVisualStudioVersion = 10.0.40219.1
Project("{9A19103F-16F7-4668-BE54-9A1E7A4F7556}") = "Tt1.Hello", "Tt1.Hello\Tt1.Hello.csproj", "{4D9D8640-63B3-47F3-88DE-D1188A2962EA}"
EndProject
Project("{FAE04EC0-301F-11D3-BF4B-00C04F79EFBC}") = "Tt1.Hello.Tests", "Tt1.Hello.Tests\Tt1.Hello.Tests.csproj", "{D63FA5F9-78F7-49DD-AA00-FCD85EB840FF}"
EndProject
Global
	GlobalSection(SolutionConfigurationPlatforms) = preSolution
		Debug|Any CPU = Debug|Any CPU
		Release|Any CPU = Release|Any CPU
	EndGlobalSection
	GlobalSection(ProjectConfigurationPlatforms) = postSolution
		{4D9D8640-63B3-47F3-88DE-D1188A2962EA}.Debug|Any CPU.ActiveCfg = Debug|Any CPU
		{4D9D8640-63B3-47F3-88DE-D1188A2962EA}.Debug|Any CPU.Build.0 = Debug|Any CPU
		{4D9D8640-63B3-47F3-88DE-D1188A2962EA}.Release|Any CPU.ActiveCfg = Release|Any CPU
		{4D9D8640-63B3-47F3-88DE-D1188A2962EA}.Release|Any CPU.Build.0 = Release|Any CPU
		{D63FA5F9-78F7-49DD-AA00-FCD85EB840FF}.Debug|Any CPU.ActiveCfg = Debug|Any CPU
		{D63FA5F9-78F7-49DD-AA00-FCD85EB840FF}.Debug|Any CPU.Build.0 = Debug|Any CPU
		{D63FA5F9-78F7-49DD-AA00-FCD85EB840FF}.Release|Any CPU.ActiveCfg = Release|Any CPU
		{D63FA5F9-78F7-49DD-AA00-FCD85EB840FF}.Release|Any CPU.Build.0 = Release|Any CPU
	EndGlobalSection
	GlobalSection(SolutionProperties) = preSolution
		HideSolutionNode = FALSE
	EndGlobalSection
	GlobalSection(ExtensibilityGlobals) = postSolution
		SolutionGuid = {3D2E8A2E-8C11-4B2F-B767-849548DC7212}
	EndGlobalSection
EndGlobal
